<Solution>
  <Folder Name="/Other/">
    <File Path=".editorconfig" />
    <File Path=".gitignore" />
    <File Path="CHANGELOG.md" />
    <File Path="README.md" />
  </Folder>
  <Project Path="scripts/RespectAffectsGameplay.csproj" />
  <Project Path="stubs/0Harmony/0Harmony.csproj" />
  <Project Path="stubs/sts2/sts2.csproj" />
</Solution>
